// !$*UTF8*$!
{
	archiveVersion = 1;
	classes = {
	};
	objectVersion = 56;
	objects = {

/* Begin PBXBuildFile section */
		B96C09BC29A17B970033E954 /* App.swift in Sources */ = {isa = PBXBuildFile; fileRef = B96C09BB29A17B970033E954 /* App.swift */; };
		B96C09BE29A17B970033E954 /* ContentView.swift in Sources */ = {isa = PBXBuildFile; fileRef = B96C09BD29A17B970033E954 /* ContentView.swift */; };
		B96C09C029A17B990033E954 /* Assets.xcassets in Resources */ = {isa = PBXBuildFile; fileRef = B96C09BF29A17B990033E954 /* Assets.xcassets */; };
		B96C09C329A17B990033E954 /* Preview Assets.xcassets in Resources */ = {isa = PBXBuildFile; fileRef = B96C09C229A17B990033E954 /* Preview Assets.xcassets */; };
		B96C09CD29A17BE80033E954 /* MyDestination.swift in Sources */ = {isa = PBXBuildFile; fileRef = B96C09CC29A17BE80033E954 /* MyDestination.swift */; };
		B96C09CF29A17C650033E954 /* AppCoordinator.swift in Sources */ = {isa = PBXBuildFile; fileRef = B96C09CE29A17C650033E954 /* AppCoordinator.swift */; };
		B96C09D129A17CDC0033E954 /* HomeView.swift in Sources */ = {isa = PBXBuildFile; fileRef = B96C09D029A17CDC0033E954 /* HomeView.swift */; };
		B96C09D329A17D090033E954 /* DetailView.swift in Sources */ = {isa = PBXBuildFile; fileRef = B96C09D229A17D090033E954 /* DetailView.swift */; };
		B96C09D529A17D970033E954 /* MyNavigation.swift in Sources */ = {isa = PBXBuildFile; fileRef = B96C09D429A17D970033E954 /* MyNavigation.swift */; };
		B96C09D829A17F6A0033E954 /* InfiniteNavigation in Frameworks */ = {isa = PBXBuildFile; productRef = B96C09D729A17F6A0033E954 /* InfiniteNavigation */; };
		B96C09DA29A180610033E954 /* SheetView.swift in Sources */ = {isa = PBXBuildFile; fileRef = B96C09D929A180610033E954 /* SheetView.swift */; };
		B96C09DC29A182EF0033E954 /* NavFooterView.swift in Sources */ = {isa = PBXBuildFile; fileRef = B96C09DB29A182EF0033E954 /* NavFooterView.swift */; };
/* End PBXBuildFile section */

/* Begin PBXFileReference section */
		B96C09B829A17B970033E954 /* InfiniteNavigationDemo.app */ = {isa = PBXFileReference; explicitFileType = wrapper.application; includeInIndex = 0; path = InfiniteNavigationDemo.app; sourceTree = BUILT_PRODUCTS_DIR; };
		B96C09BB29A17B970033E954 /* App.swift */ = {isa = PBXFileReference; lastKnownFileType = sourcecode.swift; path = App.swift; sourceTree = "<group>"; };
		B96C09BD29A17B970033E954 /* ContentView.swift */ = {isa = PBXFileReference; lastKnownFileType = sourcecode.swift; path = ContentView.swift; sourceTree = "<group>"; };
		B96C09BF29A17B990033E954 /* Assets.xcassets */ = {isa = PBXFileReference; lastKnownFileType = folder.assetcatalog; path = Assets.xcassets; sourceTree = "<group>"; };
		B96C09C229A17B990033E954 /* Preview Assets.xcassets */ = {isa = PBXFileReference; lastKnownFileType = folder.assetcatalog; path = "Preview Assets.xcassets"; sourceTree = "<group>"; };
		B96C09CA29A17BAA0033E954 /* InfiniteNavigation */ = {isa = PBXFileReference; lastKnownFileType = wrapper; name = InfiniteNavigation; path = ..; sourceTree = "<group>"; };
		B96C09CC29A17BE80033E954 /* MyDestination.swift */ = {isa = PBXFileReference; lastKnownFileType = sourcecode.swift; path = MyDestination.swift; sourceTree = "<group>"; };
		B96C09CE29A17C650033E954 /* AppCoordinator.swift */ = {isa = PBXFileReference; lastKnownFileType = sourcecode.swift; path = AppCoordinator.swift; sourceTree = "<group>"; };
		B96C09D029A17CDC0033E954 /* HomeView.swift */ = {isa = PBXFileReference; lastKnownFileType = sourcecode.swift; path = HomeView.swift; sourceTree = "<group>"; };
		B96C09D229A17D090033E954 /* DetailView.swift */ = {isa = PBXFileReference; lastKnownFileType = sourcecode.swift; path = DetailView.swift; sourceTree = "<group>"; };
		B96C09D429A17D970033E954 /* MyNavigation.swift */ = {isa = PBXFileReference; lastKnownFileType = sourcecode.swift; path = MyNavigation.swift; sourceTree = "<group>"; };
		B96C09D929A180610033E954 /* SheetView.swift */ = {isa = PBXFileReference; lastKnownFileType = sourcecode.swift; path = SheetView.swift; sourceTree = "<group>"; };
		B96C09DB29A182EF0033E954 /* NavFooterView.swift */ = {isa = PBXFileReference; lastKnownFileType = sourcecode.swift; path = NavFooterView.swift; sourceTree = "<group>"; };
/* End PBXFileReference section */

/* Begin PBXFrameworksBuildPhase section */
		B96C09B529A17B970033E954 /* Frameworks */ = {
			isa = PBXFrameworksBuildPhase;
			buildActionMask = 2147483647;
			files = (
				B96C09D829A17F6A0033E954 /* InfiniteNavigation in Frameworks */,
			);
			runOnlyForDeploymentPostprocessing = 0;
		};
/* End PBXFrameworksBuildPhase section */

/* Begin PBXGroup section */
		B96C09AF29A17B970033E954 = {
			isa = PBXGroup;
			children = (
				B96C09C929A17BAA0033E954 /* Packages */,
				B96C09BA29A17B970033E954 /* InfiniteNavigationDemo */,
				B96C09B929A17B970033E954 /* Products */,
				B96C09D629A17F6A0033E954 /* Frameworks */,
			);
			sourceTree = "<group>";
		};
		B96C09B929A17B970033E954 /* Products */ = {
			isa = PBXGroup;
			children = (
				B96C09B829A17B970033E954 /* InfiniteNavigationDemo.app */,
			);
			name = Products;
			sourceTree = "<group>";
		};
		B96C09BA29A17B970033E954 /* InfiniteNavigationDemo */ = {
			isa = PBXGroup;
			children = (
				B96C09BB29A17B970033E954 /* App.swift */,
				B96C09CE29A17C650033E954 /* AppCoordinator.swift */,
				B96C09BD29A17B970033E954 /* ContentView.swift */,
				B96C09DD29A1856F0033E954 /* Navigation */,
				B96C09CB29A17BC70033E954 /* Views */,
				B96C09BF29A17B990033E954 /* Assets.xcassets */,
				B96C09C129A17B990033E954 /* Preview Content */,
			);
			path = InfiniteNavigationDemo;
			sourceTree = "<group>";
		};
		B96C09C129A17B990033E954 /* Preview Content */ = {
			isa = PBXGroup;
			children = (
				B96C09C229A17B990033E954 /* Preview Assets.xcassets */,
			);
			path = "Preview Content";
			sourceTree = "<group>";
		};
		B96C09C929A17BAA0033E954 /* Packages */ = {
			isa = PBXGroup;
			children = (
				B96C09CA29A17BAA0033E954 /* InfiniteNavigation */,
			);
			name = Packages;
			sourceTree = "<group>";
		};
		B96C09CB29A17BC70033E954 /* Views */ = {
			isa = PBXGroup;
			children = (
				B96C09D029A17CDC0033E954 /* HomeView.swift */,
				B96C09D229A17D090033E954 /* DetailView.swift */,
				B96C09D929A180610033E954 /* SheetView.swift */,
				B96C09DB29A182EF0033E954 /* NavFooterView.swift */,
			);
			path = Views;
			sourceTree = "<group>";
		};
		B96C09D629A17F6A0033E954 /* Frameworks */ = {
			isa = PBXGroup;
			children = (
			);
			name = Frameworks;
			sourceTree = "<group>";
		};
		B96C09DD29A1856F0033E954 /* Navigation */ = {
			isa = PBXGroup;
			children = (
				B96C09D429A17D970033E954 /* MyNavigation.swift */,
				B96C09CC29A17BE80033E954 /* MyDestination.swift */,
			);
			path = Navigation;
			sourceTree = "<group>";
		};
/* End PBXGroup section */

/* Begin PBXNativeTarget section */
		B96C09B729A17B970033E954 /* InfiniteNavigationDemo */ = {
			isa = PBXNativeTarget;
			buildConfigurationList = B96C09C629A17B990033E954 /* Build configuration list for PBXNativeTarget "InfiniteNavigationDemo" */;
			buildPhases = (
				B96C09B429A17B970033E954 /* Sources */,
				B96C09B529A17B970033E954 /* Frameworks */,
				B96C09B629A17B970033E954 /* Resources */,
			);
			buildRules = (
			);
			dependencies = (
			);
			name = InfiniteNavigationDemo;
			packageProductDependencies = (
				B96C09D729A17F6A0033E954 /* InfiniteNavigation */,
			);
			productName = InfiniteNavigationDemo;
			productReference = B96C09B829A17B970033E954 /* InfiniteNavigationDemo.app */;
			productType = "com.apple.product-type.application";
		};
/* End PBXNativeTarget section */

/* Begin PBXProject section */
		B96C09B029A17B970033E954 /* Project object */ = {
			isa = PBXProject;
			attributes = {
				BuildIndependentTargetsInParallel = 1;
				LastSwiftUpdateCheck = 1420;
				LastUpgradeCheck = 1420;
				TargetAttributes = {
					B96C09B729A17B970033E954 = {
						CreatedOnToolsVersion = 14.2;
					};
				};
			};
			buildConfigurationList = B96C09B329A17B970033E954 /* Build configuration list for PBXProject "InfiniteNavigationDemo" */;
			compatibilityVersion = "Xcode 14.0";
			developmentRegion = en;
			hasScannedForEncodings = 0;
			knownRegions = (
				en,
				Base,
			);
			mainGroup = B96C09AF29A17B970033E954;
			productRefGroup = B96C09B929A17B970033E954 /* Products */;
			projectDirPath = "";
			projectRoot = "";
			targets = (
				B96C09B729A17B970033E954 /* InfiniteNavigationDemo */,
			);
		};
/* End PBXProject section */

/* Begin PBXResourcesBuildPhase section */
		B96C09B629A17B970033E954 /* Resources */ = {
			isa = PBXResourcesBuildPhase;
			buildActionMask = 2147483647;
			files = (
				B96C09C329A17B990033E954 /* Preview Assets.xcassets in Resources */,
				B96C09C029A17B990033E954 /* Assets.xcassets in Resources */,
			);
			runOnlyForDeploymentPostprocessing = 0;
		};
/* End PBXResourcesBuildPhase section */

/* Begin PBXSourcesBuildPhase section */
		B96C09B429A17B970033E954 /* Sources */ = {
			isa = PBXSourcesBuildPhase;
			buildActionMask = 2147483647;
			files = (
				B96C09D529A17D970033E954 /* MyNavigation.swift in Sources */,
				B96C09CF29A17C650033E954 /* AppCoordinator.swift in Sources */,
				B96C09D329A17D090033E954 /* DetailView.swift in Sources */,
				B96C09BE29A17B970033E954 /* ContentView.swift in Sources */,
				B96C09BC29A17B970033E954 /* App.swift in Sources */,
				B96C09D129A17CDC0033E954 /* HomeView.swift in Sources */,
				B96C09DA29A180610033E954 /* SheetView.swift in Sources */,
				B96C09CD29A17BE80033E954 /* MyDestination.swift in Sources */,
				B96C09DC29A182EF0033E954 /* NavFooterView.swift in Sources */,
			);
			runOnlyForDeploymentPostprocessing = 0;
		};
/* End PBXSourcesBuildPhase section */

/* Begin XCBuildConfiguration section */
		B96C09C429A17B990033E954 /* Debug */ = {
			isa = XCBuildConfiguration;
			buildSettings = {
				ALWAYS_SEARCH_USER_PATHS = NO;
				CLANG_ANALYZER_NONNULL = YES;
				CLANG_ANALYZER_NUMBER_OBJECT_CONVERSION = YES_AGGRESSIVE;
				CLANG_CXX_LANGUAGE_STANDARD = "gnu++20";
				CLANG_ENABLE_MODULES = YES;
				CLANG_ENABLE_OBJC_ARC = YES;
				CLANG_ENABLE_OBJC_WEAK = YES;
				CLANG_WARN_BLOCK_CAPTURE_AUTORELEASING = YES;
				CLANG_WARN_BOOL_CONVERSION = YES;
				CLANG_WARN_COMMA = YES;
				CLANG_WARN_CONSTANT_CONVERSION = YES;
				CLANG_WARN_DEPRECATED_OBJC_IMPLEMENTATIONS = YES;
				CLANG_WARN_DIRECT_OBJC_ISA_USAGE = YES_ERROR;
				CLANG_WARN_DOCUMENTATION_COMMENTS = YES;
				CLANG_WARN_EMPTY_BODY = YES;
				CLANG_WARN_ENUM_CONVERSION = YES;
				CLANG_WARN_INFINITE_RECURSION = YES;
				CLANG_WARN_INT_CONVERSION = YES;
				CLANG_WARN_NON_LITERAL_NULL_CONVERSION = YES;
				CLANG_WARN_OBJC_IMPLICIT_RETAIN_SELF = YES;
				CLANG_WARN_OBJC_LITERAL_CONVERSION = YES;
				CLANG_WARN_OBJC_ROOT_CLASS = YES_ERROR;
				CLANG_WARN_QUOTED_INCLUDE_IN_FRAMEWORK_HEADER = YES;
				CLANG_WARN_RANGE_LOOP_ANALYSIS = YES;
				CLANG_WARN_STRICT_PROTOTYPES = YES;
				CLANG_WARN_SUSPICIOUS_MOVE = YES;
				CLANG_WARN_UNGUARDED_AVAILABILITY = YES_AGGRESSIVE;
				CLANG_WARN_UNREACHABLE_CODE = YES;
				CLANG_WARN__DUPLICATE_METHOD_MATCH = YES;
				COPY_PHASE_STRIP = NO;
				DEBUG_INFORMATION_FORMAT = dwarf;
				ENABLE_STRICT_OBJC_MSGSEND = YES;
				ENABLE_TESTABILITY = YES;
				GCC_C_LANGUAGE_STANDARD = gnu11;
				GCC_DYNAMIC_NO_PIC = NO;
				GCC_NO_COMMON_BLOCKS = YES;
				GCC_OPTIMIZATION_LEVEL = 0;
				GCC_PREPROCESSOR_DEFINITIONS = (
					"DEBUG=1",
					"$(inherited)",
				);
				GCC_WARN_64_TO_32_BIT_CONVERSION = YES;
				GCC_WARN_ABOUT_RETURN_TYPE = YES_ERROR;
				GCC_WARN_UNDECLARED_SELECTOR = YES;
				GCC_WARN_UNINITIALIZED_AUTOS = YES_AGGRESSIVE;
				GCC_WARN_UNUSED_FUNCTION = YES;
				GCC_WARN_UNUSED_VARIABLE = YES;
				IPHONEOS_DEPLOYMENT_TARGET = 16.2;
				MTL_ENABLE_DEBUG_INFO = INCLUDE_SOURCE;
				MTL_FAST_MATH = YES;
				ONLY_ACTIVE_ARCH = YES;
				SDKROOT = iphoneos;
				SWIFT_ACTIVE_COMPILATION_CONDITIONS = DEBUG;
				SWIFT_OPTIMIZATION_LEVEL = "-Onone";
			};
			name = Debug;
		};
		B96C09C529A17B990033E954 /* Release */ = {
			isa = XCBuildConfiguration;
			buildSettings = {
				ALWAYS_SEARCH_USER_PATHS = NO;
				CLANG_ANALYZER_NONNULL = YES;
				CLANG_ANALYZER_NUMBER_OBJECT_CONVERSION = YES_AGGRESSIVE;
				CLANG_CXX_LANGUAGE_STANDARD = "gnu++20";
				CLANG_ENABLE_MODULES = YES;
				CLANG_ENABLE_OBJC_ARC = YES;
				CLANG_ENABLE_OBJC_WEAK = YES;
				CLANG_WARN_BLOCK_CAPTURE_AUTORELEASING = YES;
				CLANG_WARN_BOOL_CONVERSION = YES;
				CLANG_WARN_COMMA = YES;
				CLANG_WARN_CONSTANT_CONVERSION = YES;
				CLANG_WARN_DEPRECATED_OBJC_IMPLEMENTATIONS = YES;
				CLANG_WARN_DIRECT_OBJC_ISA_USAGE = YES_ERROR;
				CLANG_WARN_DOCUMENTATION_COMMENTS = YES;
				CLANG_WARN_EMPTY_BODY = YES;
				CLANG_WARN_ENUM_CONVERSION = YES;
				CLANG_WARN_INFINITE_RECURSION = YES;
				CLANG_WARN_INT_CONVERSION = YES;
				CLANG_WARN_NON_LITERAL_NULL_CONVERSION = YES;
				CLANG_WARN_OBJC_IMPLICIT_RETAIN_SELF = YES;
				CLANG_WARN_OBJC_LITERAL_CONVERSION = YES;
				CLANG_WARN_OBJC_ROOT_CLASS = YES_ERROR;
				CLANG_WARN_QUOTED_INCLUDE_IN_FRAMEWORK_HEADER = YES;
				CLANG_WARN_RANGE_LOOP_ANALYSIS = YES;
				CLANG_WARN_STRICT_PROTOTYPES = YES;
				CLANG_WARN_SUSPICIOUS_MOVE = YES;
				CLANG_WARN_UNGUARDED_AVAILABILITY = YES_AGGRESSIVE;
				CLANG_WARN_UNREACHABLE_CODE = YES;
				CLANG_WARN__DUPLICATE_METHOD_MATCH = YES;
				COPY_PHASE_STRIP = NO;
				DEBUG_INFORMATION_FORMAT = "dwarf-with-dsym";
				ENABLE_NS_ASSERTIONS = NO;
				ENABLE_STRICT_OBJC_MSGSEND = YES;
				GCC_C_LANGUAGE_STANDARD = gnu11;
				GCC_NO_COMMON_BLOCKS = YES;
				GCC_WARN_64_TO_32_BIT_CONVERSION = YES;
				GCC_WARN_ABOUT_RETURN_TYPE = YES_ERROR;
				GCC_WARN_UNDECLARED_SELECTOR = YES;
				GCC_WARN_UNINITIALIZED_AUTOS = YES_AGGRESSIVE;
				GCC_WARN_UNUSED_FUNCTION = YES;
				GCC_WARN_UNUSED_VARIABLE = YES;
				IPHONEOS_DEPLOYMENT_TARGET = 16.2;
				MTL_ENABLE_DEBUG_INFO = NO;
				MTL_FAST_MATH = YES;
				SDKROOT = iphoneos;
				SWIFT_COMPILATION_MODE = wholemodule;
				SWIFT_OPTIMIZATION_LEVEL = "-O";
				VALIDATE_PRODUCT = YES;
			};
			name = Release;
		};
		B96C09C729A17B990033E954 /* Debug */ = {
			isa = XCBuildConfiguration;
			buildSettings = {
				ASSETCATALOG_COMPILER_APPICON_NAME = AppIcon;
				ASSETCATALOG_COMPILER_GLOBAL_ACCENT_COLOR_NAME = AccentColor;
				CODE_SIGN_STYLE = Automatic;
				CURRENT_PROJECT_VERSION = 1;
				DEVELOPMENT_ASSET_PATHS = "\"InfiniteNavigationDemo/Preview Content\"";
				DEVELOPMENT_TEAM = C5SE39MZ59;
				ENABLE_PREVIEWS = YES;
				GENERATE_INFOPLIST_FILE = YES;
				INFOPLIST_KEY_UIApplicationSceneManifest_Generation = YES;
				INFOPLIST_KEY_UIApplicationSupportsIndirectInputEvents = YES;
				INFOPLIST_KEY_UILaunchScreen_Generation = YES;
				INFOPLIST_KEY_UISupportedInterfaceOrientations_iPad = "UIInterfaceOrientationPortrait UIInterfaceOrientationPortraitUpsideDown UIInterfaceOrientationLandscapeLeft UIInterfaceOrientationLandscapeRight";
				INFOPLIST_KEY_UISupportedInterfaceOrientations_iPhone = "UIInterfaceOrientationPortrait UIInterfaceOrientationLandscapeLeft UIInterfaceOrientationLandscapeRight";
				LD_RUNPATH_SEARCH_PATHS = (
					"$(inherited)",
					"@executable_path/Frameworks",
				);
				MARKETING_VERSION = 1.0;
				PRODUCT_BUNDLE_IDENTIFIER = dsc.InfiniteNavigationDemo;
				PRODUCT_NAME = "$(TARGET_NAME)";
				SWIFT_EMIT_LOC_STRINGS = YES;
				SWIFT_VERSION = 5.0;
				TARGETED_DEVICE_FAMILY = "1,2";
			};
			name = Debug;
		};
		B96C09C829A17B990033E954 /* Release */ = {
			isa = XCBuildConfiguration;
			buildSettings = {
				ASSETCATALOG_COMPILER_APPICON_NAME = AppIcon;
				ASSETCATALOG_COMPILER_GLOBAL_ACCENT_COLOR_NAME = AccentColor;
				CODE_SIGN_STYLE = Automatic;
				CURRENT_PROJECT_VERSION = 1;
				DEVELOPMENT_ASSET_PATHS = "\"InfiniteNavigationDemo/Preview Content\"";
				DEVELOPMENT_TEAM = C5SE39MZ59;
				ENABLE_PREVIEWS = YES;
				GENERATE_INFOPLIST_FILE = YES;
				INFOPLIST_KEY_UIApplicationSceneManifest_Generation = YES;
				INFOPLIST_KEY_UIApplicationSupportsIndirectInputEvents = YES;
				INFOPLIST_KEY_UILaunchScreen_Generation = YES;
				INFOPLIST_KEY_UISupportedInterfaceOrientations_iPad = "UIInterfaceOrientationPortrait UIInterfaceOrientationPortraitUpsideDown UIInterfaceOrientationLandscapeLeft UIInterfaceOrientationLandscapeRight";
				INFOPLIST_KEY_UISupportedInterfaceOrientations_iPhone = "UIInterfaceOrientationPortrait UIInterfaceOrientationLandscapeLeft UIInterfaceOrientationLandscapeRight";
				LD_RUNPATH_SEARCH_PATHS = (
					"$(inherited)",
					"@executable_path/Frameworks",
				);
				MARKETING_VERSION = 1.0;
				PRODUCT_BUNDLE_IDENTIFIER = dsc.InfiniteNavigationDemo;
				PRODUCT_NAME = "$(TARGET_NAME)";
				SWIFT_EMIT_LOC_STRINGS = YES;
				SWIFT_VERSION = 5.0;
				TARGETED_DEVICE_FAMILY = "1,2";
			};
			name = Release;
		};
/* End XCBuildConfiguration section */

/* Begin XCConfigurationList section */
		B96C09B329A17B970033E954 /* Build configuration list for PBXProject "InfiniteNavigationDemo" */ = {
			isa = XCConfigurationList;
			buildConfigurations = (
				B96C09C429A17B990033E954 /* Debug */,
				B96C09C529A17B990033E954 /* Release */,
			);
			defaultConfigurationIsVisible = 0;
			defaultConfigurationName = Release;
		};
		B96C09C629A17B990033E954 /* Build configuration list for PBXNativeTarget "InfiniteNavigationDemo" */ = {
			isa = XCConfigurationList;
			buildConfigurations = (
				B96C09C729A17B990033E954 /* Debug */,
				B96C09C829A17B990033E954 /* Release */,
			);
			defaultConfigurationIsVisible = 0;
			defaultConfigurationName = Release;
		};
/* End XCConfigurationList section */

/* Begin XCSwiftPackageProductDependency section */
		B96C09D729A17F6A0033E954 /* InfiniteNavigation */ = {
			isa = XCSwiftPackageProductDependency;
			productName = InfiniteNavigation;
		};
/* End XCSwiftPackageProductDependency section */
	};
	rootObject = B96C09B029A17B970033E954 /* Project object */;
}
